
Microsoft Visual Studio Solution File, Format Version 12.00
# Visual Studio Version 17
VisualStudioVersion = 17.0.31903.59
MinimumVisualStudioVersion = 10.0.40219.1
Project("{FAE04EC0-301F-11D3-BF4B-00C04F79EFBC}") = "SportsStore", "SportsStore\SportsStore.csproj", "{4DD7E135-BEA0-4F1C-9A53-EE9724879314}"
EndProject
Project("{2150E333-8FDC-42A3-9474-1A3956D46DE8}") = "SportsSln", "SportsSln", "{AB1FEB0B-36F2-4C02-9868-07A29EAC4F09}"
EndProject
Project("{FAE04EC0-301F-11D3-BF4B-00C04F79EFBC}") = "SportsStore.Tests", "SportsSln\SportsStore.Tests\SportsStore.Tests.csproj", "{FDD630F0-AB4C-476E-90C8-E8440B77DDC6}"
EndProject
Global
	GlobalSection(SolutionConfigurationPlatforms) = preSolution
		Debug|Any CPU = Debug|Any CPU
		Release|Any CPU = Release|Any CPU
	EndGlobalSection
	GlobalSection(SolutionProperties) = preSolution
		HideSolutionNode = FALSE
	EndGlobalSection
	GlobalSection(ProjectConfigurationPlatforms) = postSolution
		{4DD7E135-BEA0-4F1C-9A53-EE9724879314}.Debug|Any CPU.ActiveCfg = Debug|Any CPU
		{4DD7E135-BEA0-4F1C-9A53-EE9724879314}.Debug|Any CPU.Build.0 = Debug|Any CPU
		{4DD7E135-BEA0-4F1C-9A53-EE9724879314}.Release|Any CPU.ActiveCfg = Release|Any CPU
		{4DD7E135-BEA0-4F1C-9A53-EE9724879314}.Release|Any CPU.Build.0 = Release|Any CPU
		{FDD630F0-AB4C-476E-90C8-E8440B77DDC6}.Debug|Any CPU.ActiveCfg = Debug|Any CPU
		{FDD630F0-AB4C-476E-90C8-E8440B77DDC6}.Debug|Any CPU.Build.0 = Debug|Any CPU
		{FDD630F0-AB4C-476E-90C8-E8440B77DDC6}.Release|Any CPU.ActiveCfg = Release|Any CPU
		{FDD630F0-AB4C-476E-90C8-E8440B77DDC6}.Release|Any CPU.Build.0 = Release|Any CPU
	EndGlobalSection
	GlobalSection(NestedProjects) = preSolution
		{FDD630F0-AB4C-476E-90C8-E8440B77DDC6} = {AB1FEB0B-36F2-4C02-9868-07A29EAC4F09}
	EndGlobalSection
EndGlobal
